
Microsoft Visual Studio Solution File, Format Version 12.00
# Visual Studio Version 16
VisualStudioVersion = 16.0.29709.97
MinimumVisualStudioVersion = 10.0.40219.1
Project("{FAE04EC0-301F-11D3-BF4B-00C04F79EFBC}") = "Greenhouse.Reciever", "Greenhouse.Reciever.csproj", "{43A78EC8-CC01-4E11-B833-5EDDDAA7DF1C}"
EndProject
Global
	GlobalSection(SolutionConfigurationPlatforms) = preSolution
		Debug|Any CPU = Debug|Any CPU
		Release|Any CPU = Release|Any CPU
	EndGlobalSection
	GlobalSection(ProjectConfigurationPlatforms) = postSolution
		{43A78EC8-CC01-4E11-B833-5EDDDAA7DF1C}.Debug|Any CPU.ActiveCfg = Debug|Any CPU
		{43A78EC8-CC01-4E11-B833-5EDDDAA7DF1C}.Debug|Any CPU.Build.0 = Debug|Any CPU
		{43A78EC8-CC01-4E11-B833-5EDDDAA7DF1C}.Release|Any CPU.ActiveCfg = Release|Any CPU
		{43A78EC8-CC01-4E11-B833-5EDDDAA7DF1C}.Release|Any CPU.Build.0 = Release|Any CPU
	EndGlobalSection
	GlobalSection(SolutionProperties) = preSolution
		HideSolutionNode = FALSE
	EndGlobalSection
	GlobalSection(ExtensibilityGlobals) = postSolution
		SolutionGuid = {3AA3FA8F-49D8-4679-BA3E-3F0168839195}
	EndGlobalSection
EndGlobal
